
Microsoft Visual Studio Solution File, Format Version 12.00
Project("{FAE04EC0-301F-11D3-BF4B-00C04F79EFBC}") = "Desafio-dio", "Desafio-dio\Desafio-dio.csproj", "{5DBF4E14-E25A-4F76-A2D6-D12F934FCA10}"
EndProject
Global
	GlobalSection(SolutionConfigurationPlatforms) = preSolution
		Debug|Any CPU = Debug|Any CPU
		Release|Any CPU = Release|Any CPU
	EndGlobalSection
	GlobalSection(ProjectConfigurationPlatforms) = postSolution
		{5DBF4E14-E25A-4F76-A2D6-D12F934FCA10}.Debug|Any CPU.ActiveCfg = Debug|Any CPU
		{5DBF4E14-E25A-4F76-A2D6-D12F934FCA10}.Debug|Any CPU.Build.0 = Debug|Any CPU
		{5DBF4E14-E25A-4F76-A2D6-D12F934FCA10}.Release|Any CPU.ActiveCfg = Release|Any CPU
		{5DBF4E14-E25A-4F76-A2D6-D12F934FCA10}.Release|Any CPU.Build.0 = Release|Any CPU
	EndGlobalSection
EndGlobal
